// !$*UTF8*$!
{
	archiveVersion = 1;
	classes = {
	};
	objectVersion = 50;
	objects = {

/* Begin PBXBuildFile section */
		122C9549253E1B5C003C6E1D /* AppDelegate.swift in Sources */ = {isa = PBXBuildFile; fileRef = 122C9548253E1B5C003C6E1D /* AppDelegate.swift */; };
		122C954B253E1B5C003C6E1D /* SceneDelegate.swift in Sources */ = {isa = PBXBuildFile; fileRef = 122C954A253E1B5C003C6E1D /* SceneDelegate.swift */; };
		122C954D253E1B5C003C6E1D /* ViewController.swift in Sources */ = {isa = PBXBuildFile; fileRef = 122C954C253E1B5C003C6E1D /* ViewController.swift */; };
		122C9550253E1B5C003C6E1D /* Main.storyboard in Resources */ = {isa = PBXBuildFile; fileRef = 122C954E253E1B5C003C6E1D /* Main.storyboard */; };
		122C9552253E1B5F003C6E1D /* Assets.xcassets in Resources */ = {isa = PBXBuildFile; fileRef = 122C9551253E1B5F003C6E1D /* Assets.xcassets */; };
		122C9555253E1B5F003C6E1D /* LaunchScreen.storyboard in Resources */ = {isa = PBXBuildFile; fileRef = 122C9553253E1B5F003C6E1D /* LaunchScreen.storyboard */; };
		125EA0FC2549F73800D16C5D /* CustomUITextField.swift in Sources */ = {isa = PBXBuildFile; fileRef = 125EA0FB2549F73800D16C5D /* CustomUITextField.swift */; };
		129DECFD254A203000B0973F /* MyDataViewController.swift in Sources */ = {isa = PBXBuildFile; fileRef = 129DECFC254A203000B0973F /* MyDataViewController.swift */; };
/* End PBXBuildFile section */

/* Begin PBXFileReference section */
		122C9545253E1B5C003C6E1D /* SenibApp.app */ = {isa = PBXFileReference; explicitFileType = wrapper.application; includeInIndex = 0; path = SenibApp.app; sourceTree = BUILT_PRODUCTS_DIR; };
		122C9548253E1B5C003C6E1D /* AppDelegate.swift */ = {isa = PBXFileReference; lastKnownFileType = sourcecode.swift; path = AppDelegate.swift; sourceTree = "<group>"; };
		122C954A253E1B5C003C6E1D /* SceneDelegate.swift */ = {isa = PBXFileReference; lastKnownFileType = sourcecode.swift; path = SceneDelegate.swift; sourceTree = "<group>"; };
		122C954C253E1B5C003C6E1D /* ViewController.swift */ = {isa = PBXFileReference; lastKnownFileType = sourcecode.swift; path = ViewController.swift; sourceTree = "<group>"; };
		122C954F253E1B5C003C6E1D /* Base */ = {isa = PBXFileReference; lastKnownFileType = file.storyboard; name = Base; path = Base.lproj/Main.storyboard; sourceTree = "<group>"; };
		122C9551253E1B5F003C6E1D /* Assets.xcassets */ = {isa = PBXFileReference; lastKnownFileType = folder.assetcatalog; path = Assets.xcassets; sourceTree = "<group>"; };
		122C9554253E1B5F003C6E1D /* Base */ = {isa = PBXFileReference; lastKnownFileType = file.storyboard; name = Base; path = Base.lproj/LaunchScreen.storyboard; sourceTree = "<group>"; };
		122C9556253E1B5F003C6E1D /* Info.plist */ = {isa = PBXFileReference; lastKnownFileType = text.plist.xml; path = Info.plist; sourceTree = "<group>"; };
		125EA0FB2549F73800D16C5D /* CustomUITextField.swift */ = {isa = PBXFileReference; fileEncoding = 4; lastKnownFileType = sourcecode.swift; path = CustomUITextField.swift; sourceTree = "<group>"; };
		129DECFC254A203000B0973F /* MyDataViewController.swift */ = {isa = PBXFileReference; lastKnownFileType = sourcecode.swift; path = MyDataViewController.swift; sourceTree = "<group>"; };
/* End PBXFileReference section */

/* Begin PBXFrameworksBuildPhase section */
		122C9542253E1B5C003C6E1D /* Frameworks */ = {
			isa = PBXFrameworksBuildPhase;
			buildActionMask = 2147483647;
			files = (
			);
			runOnlyForDeploymentPostprocessing = 0;
		};
/* End PBXFrameworksBuildPhase section */

/* Begin PBXGroup section */
		122C953C253E1B5C003C6E1D = {
			isa = PBXGroup;
			children = (
				122C9547253E1B5C003C6E1D /* SenibApp */,
				122C9546253E1B5C003C6E1D /* Products */,
			);
			sourceTree = "<group>";
		};
		122C9546253E1B5C003C6E1D /* Products */ = {
			isa = PBXGroup;
			children = (
				122C9545253E1B5C003C6E1D /* SenibApp.app */,
			);
			name = Products;
			sourceTree = "<group>";
		};
		122C9547253E1B5C003C6E1D /* SenibApp */ = {
			isa = PBXGroup;
			children = (
				122C9548253E1B5C003C6E1D /* AppDelegate.swift */,
				122C954A253E1B5C003C6E1D /* SceneDelegate.swift */,
				122C954C253E1B5C003C6E1D /* ViewController.swift */,
				122C954E253E1B5C003C6E1D /* Main.storyboard */,
				125EA0FB2549F73800D16C5D /* CustomUITextField.swift */,
				122C9551253E1B5F003C6E1D /* Assets.xcassets */,
				122C9553253E1B5F003C6E1D /* LaunchScreen.storyboard */,
				122C9556253E1B5F003C6E1D /* Info.plist */,
				129DECFC254A203000B0973F /* MyDataViewController.swift */,
			);
			path = SenibApp;
			sourceTree = "<group>";
		};
/* End PBXGroup section */

/* Begin PBXNativeTarget section */
		122C9544253E1B5C003C6E1D /* SenibApp */ = {
			isa = PBXNativeTarget;
			buildConfigurationList = 122C9559253E1B5F003C6E1D /* Build configuration list for PBXNativeTarget "SenibApp" */;
			buildPhases = (
				122C9541253E1B5C003C6E1D /* Sources */,
				122C9542253E1B5C003C6E1D /* Frameworks */,
				122C9543253E1B5C003C6E1D /* Resources */,
			);
			buildRules = (
			);
			dependencies = (
			);
			name = SenibApp;
			productName = SenibApp;
			productReference = 122C9545253E1B5C003C6E1D /* SenibApp.app */;
			productType = "com.apple.product-type.application";
		};
/* End PBXNativeTarget section */

/* Begin PBXProject section */
		122C953D253E1B5C003C6E1D /* Project object */ = {
			isa = PBXProject;
			attributes = {
				LastSwiftUpdateCheck = 1200;
				LastUpgradeCheck = 1200;
				TargetAttributes = {
					122C9544253E1B5C003C6E1D = {
						CreatedOnToolsVersion = 12.0.1;
					};
				};
			};
			buildConfigurationList = 122C9540253E1B5C003C6E1D /* Build configuration list for PBXProject "SenibApp" */;
			compatibilityVersion = "Xcode 9.3";
			developmentRegion = en;
			hasScannedForEncodings = 0;
			knownRegions = (
				en,
				Base,
			);
			mainGroup = 122C953C253E1B5C003C6E1D;
			productRefGroup = 122C9546253E1B5C003C6E1D /* Products */;
			projectDirPath = "";
			projectRoot = "";
			targets = (
				122C9544253E1B5C003C6E1D /* SenibApp */,
			);
		};
/* End PBXProject section */

/* Begin PBXResourcesBuildPhase section */
		122C9543253E1B5C003C6E1D /* Resources */ = {
			isa = PBXResourcesBuildPhase;
			buildActionMask = 2147483647;
			files = (
				122C9555253E1B5F003C6E1D /* LaunchScreen.storyboard in Resources */,
				122C9552253E1B5F003C6E1D /* Assets.xcassets in Resources */,
				122C9550253E1B5C003C6E1D /* Main.storyboard in Resources */,
			);
			runOnlyForDeploymentPostprocessing = 0;
		};
/* End PBXResourcesBuildPhase section */

/* Begin PBXSourcesBuildPhase section */
		122C9541253E1B5C003C6E1D /* Sources */ = {
			isa = PBXSourcesBuildPhase;
			buildActionMask = 2147483647;
			files = (
				125EA0FC2549F73800D16C5D /* CustomUITextField.swift in Sources */,
				122C954D253E1B5C003C6E1D /* ViewController.swift in Sources */,
				122C9549253E1B5C003C6E1D /* AppDelegate.swift in Sources */,
				122C954B253E1B5C003C6E1D /* SceneDelegate.swift in Sources */,
				129DECFD254A203000B0973F /* MyDataViewController.swift in Sources */,
			);
			runOnlyForDeploymentPostprocessing = 0;
		};
/* End PBXSourcesBuildPhase section */

/* Begin PBXVariantGroup section */
		122C954E253E1B5C003C6E1D /* Main.storyboard */ = {
			isa = PBXVariantGroup;
			children = (
				122C954F253E1B5C003C6E1D /* Base */,
			);
			name = Main.storyboard;
			sourceTree = "<group>";
		};
		122C9553253E1B5F003C6E1D /* LaunchScreen.storyboard */ = {
			isa = PBXVariantGroup;
			children = (
				122C9554253E1B5F003C6E1D /* Base */,
			);
			name = LaunchScreen.storyboard;
			sourceTree = "<group>";
		};
/* End PBXVariantGroup section */

/* Begin XCBuildConfiguration section */
		122C9557253E1B5F003C6E1D /* Debug */ = {
			isa = XCBuildConfiguration;
			buildSettings = {
				ALWAYS_SEARCH_USER_PATHS = NO;
				CLANG_ANALYZER_NONNULL = YES;
				CLANG_ANALYZER_NUMBER_OBJECT_CONVERSION = YES_AGGRESSIVE;
				CLANG_CXX_LANGUAGE_STANDARD = "gnu++14";
				CLANG_CXX_LIBRARY = "libc++";
				CLANG_ENABLE_MODULES = YES;
				CLANG_ENABLE_OBJC_ARC = YES;
				CLANG_ENABLE_OBJC_WEAK = YES;
				CLANG_WARN_BLOCK_CAPTURE_AUTORELEASING = YES;
				CLANG_WARN_BOOL_CONVERSION = YES;
				CLANG_WARN_COMMA = YES;
				CLANG_WARN_CONSTANT_CONVERSION = YES;
				CLANG_WARN_DEPRECATED_OBJC_IMPLEMENTATIONS = YES;
				CLANG_WARN_DIRECT_OBJC_ISA_USAGE = YES_ERROR;
				CLANG_WARN_DOCUMENTATION_COMMENTS = YES;
				CLANG_WARN_EMPTY_BODY = YES;
				CLANG_WARN_ENUM_CONVERSION = YES;
				CLANG_WARN_INFINITE_RECURSION = YES;
				CLANG_WARN_INT_CONVERSION = YES;
				CLANG_WARN_NON_LITERAL_NULL_CONVERSION = YES;
				CLANG_WARN_OBJC_IMPLICIT_RETAIN_SELF = YES;
				CLANG_WARN_OBJC_LITERAL_CONVERSION = YES;
				CLANG_WARN_OBJC_ROOT_CLASS = YES_ERROR;
				CLANG_WARN_QUOTED_INCLUDE_IN_FRAMEWORK_HEADER = YES;
				CLANG_WARN_RANGE_LOOP_ANALYSIS = YES;
				CLANG_WARN_STRICT_PROTOTYPES = YES;
				CLANG_WARN_SUSPICIOUS_MOVE = YES;
				CLANG_WARN_UNGUARDED_AVAILABILITY = YES_AGGRESSIVE;
				CLANG_WARN_UNREACHABLE_CODE = YES;
				CLANG_WARN__DUPLICATE_METHOD_MATCH = YES;
				COPY_PHASE_STRIP = NO;
				DEBUG_INFORMATION_FORMAT = dwarf;
				ENABLE_STRICT_OBJC_MSGSEND = YES;
				ENABLE_TESTABILITY = YES;
				GCC_C_LANGUAGE_STANDARD = gnu11;
				GCC_DYNAMIC_NO_PIC = NO;
				GCC_NO_COMMON_BLOCKS = YES;
				GCC_OPTIMIZATION_LEVEL = 0;
				GCC_PREPROCESSOR_DEFINITIONS = (
					"DEBUG=1",
					"$(inherited)",
				);
				GCC_WARN_64_TO_32_BIT_CONVERSION = YES;
				GCC_WARN_ABOUT_RETURN_TYPE = YES_ERROR;
				GCC_WARN_UNDECLARED_SELECTOR = YES;
				GCC_WARN_UNINITIALIZED_AUTOS = YES_AGGRESSIVE;
				GCC_WARN_UNUSED_FUNCTION = YES;
				GCC_WARN_UNUSED_VARIABLE = YES;
				IPHONEOS_DEPLOYMENT_TARGET = 14.0;
				MTL_ENABLE_DEBUG_INFO = INCLUDE_SOURCE;
				MTL_FAST_MATH = YES;
				ONLY_ACTIVE_ARCH = YES;
				SDKROOT = iphoneos;
				SWIFT_ACTIVE_COMPILATION_CONDITIONS = DEBUG;
				SWIFT_OPTIMIZATION_LEVEL = "-Onone";
			};
			name = Debug;
		};
		122C9558253E1B5F003C6E1D /* Release */ = {
			isa = XCBuildConfiguration;
			buildSettings = {
				ALWAYS_SEARCH_USER_PATHS = NO;
				CLANG_ANALYZER_NONNULL = YES;
				CLANG_ANALYZER_NUMBER_OBJECT_CONVERSION = YES_AGGRESSIVE;
				CLANG_CXX_LANGUAGE_STANDARD = "gnu++14";
				CLANG_CXX_LIBRARY = "libc++";
				CLANG_ENABLE_MODULES = YES;
				CLANG_ENABLE_OBJC_ARC = YES;
				CLANG_ENABLE_OBJC_WEAK = YES;
				CLANG_WARN_BLOCK_CAPTURE_AUTORELEASING = YES;
				CLANG_WARN_BOOL_CONVERSION = YES;
				CLANG_WARN_COMMA = YES;
				CLANG_WARN_CONSTANT_CONVERSION = YES;
				CLANG_WARN_DEPRECATED_OBJC_IMPLEMENTATIONS = YES;
				CLANG_WARN_DIRECT_OBJC_ISA_USAGE = YES_ERROR;
				CLANG_WARN_DOCUMENTATION_COMMENTS = YES;
				CLANG_WARN_EMPTY_BODY = YES;
				CLANG_WARN_ENUM_CONVERSION = YES;
				CLANG_WARN_INFINITE_RECURSION = YES;
				CLANG_WARN_INT_CONVERSION = YES;
				CLANG_WARN_NON_LITERAL_NULL_CONVERSION = YES;
				CLANG_WARN_OBJC_IMPLICIT_RETAIN_SELF = YES;
				CLANG_WARN_OBJC_LITERAL_CONVERSION = YES;
				CLANG_WARN_OBJC_ROOT_CLASS = YES_ERROR;
				CLANG_WARN_QUOTED_INCLUDE_IN_FRAMEWORK_HEADER = YES;
				CLANG_WARN_RANGE_LOOP_ANALYSIS = YES;
				CLANG_WARN_STRICT_PROTOTYPES = YES;
				CLANG_WARN_SUSPICIOUS_MOVE = YES;
				CLANG_WARN_UNGUARDED_AVAILABILITY = YES_AGGRESSIVE;
				CLANG_WARN_UNREACHABLE_CODE = YES;
				CLANG_WARN__DUPLICATE_METHOD_MATCH = YES;
				COPY_PHASE_STRIP = NO;
				DEBUG_INFORMATION_FORMAT = "dwarf-with-dsym";
				ENABLE_NS_ASSERTIONS = NO;
				ENABLE_STRICT_OBJC_MSGSEND = YES;
				GCC_C_LANGUAGE_STANDARD = gnu11;
				GCC_NO_COMMON_BLOCKS = YES;
				GCC_WARN_64_TO_32_BIT_CONVERSION = YES;
				GCC_WARN_ABOUT_RETURN_TYPE = YES_ERROR;
				GCC_WARN_UNDECLARED_SELECTOR = YES;
				GCC_WARN_UNINITIALIZED_AUTOS = YES_AGGRESSIVE;
				GCC_WARN_UNUSED_FUNCTION = YES;
				GCC_WARN_UNUSED_VARIABLE = YES;
				IPHONEOS_DEPLOYMENT_TARGET = 14.0;
				MTL_ENABLE_DEBUG_INFO = NO;
				MTL_FAST_MATH = YES;
				SDKROOT = iphoneos;
				SWIFT_COMPILATION_MODE = wholemodule;
				SWIFT_OPTIMIZATION_LEVEL = "-O";
				VALIDATE_PRODUCT = YES;
			};
			name = Release;
		};
		122C955A253E1B5F003C6E1D /* Debug */ = {
			isa = XCBuildConfiguration;
			buildSettings = {
				ASSETCATALOG_COMPILER_APPICON_NAME = AppIcon;
				ASSETCATALOG_COMPILER_GLOBAL_ACCENT_COLOR_NAME = AccentColor;
				CODE_SIGN_STYLE = Automatic;
				DEVELOPMENT_TEAM = ALF79554Y6;
				INFOPLIST_FILE = SenibApp/Info.plist;
				LD_RUNPATH_SEARCH_PATHS = (
					"$(inherited)",
					"@executable_path/Frameworks",
				);
				PRODUCT_BUNDLE_IDENTIFIER = com.viniciusalencar.SenibApp;
				PRODUCT_NAME = "$(TARGET_NAME)";
				SWIFT_VERSION = 5.0;
				TARGETED_DEVICE_FAMILY = "1,2";
			};
			name = Debug;
		};
		122C955B253E1B5F003C6E1D /* Release */ = {
			isa = XCBuildConfiguration;
			buildSettings = {
				ASSETCATALOG_COMPILER_APPICON_NAME = AppIcon;
				ASSETCATALOG_COMPILER_GLOBAL_ACCENT_COLOR_NAME = AccentColor;
				CODE_SIGN_STYLE = Automatic;
				DEVELOPMENT_TEAM = ALF79554Y6;
				INFOPLIST_FILE = SenibApp/Info.plist;
				LD_RUNPATH_SEARCH_PATHS = (
					"$(inherited)",
					"@executable_path/Frameworks",
				);
				PRODUCT_BUNDLE_IDENTIFIER = com.viniciusalencar.SenibApp;
				PRODUCT_NAME = "$(TARGET_NAME)";
				SWIFT_VERSION = 5.0;
				TARGETED_DEVICE_FAMILY = "1,2";
			};
			name = Release;
		};
/* End XCBuildConfiguration section */

/* Begin XCConfigurationList section */
		122C9540253E1B5C003C6E1D /* Build configuration list for PBXProject "SenibApp" */ = {
			isa = XCConfigurationList;
			buildConfigurations = (
				122C9557253E1B5F003C6E1D /* Debug */,
				122C9558253E1B5F003C6E1D /* Release */,
			);
			defaultConfigurationIsVisible = 0;
			defaultConfigurationName = Release;
		};
		122C9559253E1B5F003C6E1D /* Build configuration list for PBXNativeTarget "SenibApp" */ = {
			isa = XCConfigurationList;
			buildConfigurations = (
				122C955A253E1B5F003C6E1D /* Debug */,
				122C955B253E1B5F003C6E1D /* Release */,
			);
			defaultConfigurationIsVisible = 0;
			defaultConfigurationName = Release;
		};
/* End XCConfigurationList section */
	};
	rootObject = 122C953D253E1B5C003C6E1D /* Project object */;
}
